Microsoft Visual Studio Solution File, Format Version 12.00
# Visual Studio Version 17
VisualStudioVersion = 17.13.35931.197
MinimumVisualStudioVersion = 10.0.40219.1
Project("{FAE04EC0-301F-11D3-BF4B-00C04F79EFBC}") = "Practica OOP", "Practica OOP.csproj", "{219B1533-6D0D-46F4-A044-354AEAF4791E}"
EndProject
Global
	GlobalSection(SolutionConfigurationPlatforms) = preSolution
		Debug|Any CPU = Debug|Any CPU
		Release|Any CPU = Release|Any CPU
	EndGlobalSection
	GlobalSection(ProjectConfigurationPlatforms) = postSolution
		{219B1533-6D0D-46F4-A044-354AEAF4791E}.Debug|Any CPU.ActiveCfg = Debug|Any CPU
		{219B1533-6D0D-46F4-A044-354AEAF4791E}.Debug|Any CPU.Build.0 = Debug|Any CPU
		{219B1533-6D0D-46F4-A044-354AEAF4791E}.Release|Any CPU.ActiveCfg = Release|Any CPU
		{219B1533-6D0D-46F4-A044-354AEAF4791E}.Release|Any CPU.Build.0 = Release|Any CPU
	EndGlobalSection
	GlobalSection(SolutionProperties) = preSolution
		HideSolutionNode = FALSE
	EndGlobalSection
	GlobalSection(ExtensibilityGlobals) = postSolution
		SolutionGuid = {661B25F0-7CB0-45DA-AC6D-07000C6CEDA2}
	EndGlobalSection
EndGlobal
