Microsoft Visual Studio Solution File, Format Version 12.00
# Visual Studio Version 17
VisualStudioVersion = 17.13.35931.197
MinimumVisualStudioVersion = 10.0.40219.1
Project("{FAE04EC0-301F-11D3-BF4B-00C04F79EFBC}") = "Practica LSP", "Practica LSP.csproj", "{C3F12693-29E1-4F55-9DC4-FEAC135F6B5D}"
EndProject
Global
	GlobalSection(SolutionConfigurationPlatforms) = preSolution
		Debug|Any CPU = Debug|Any CPU
		Release|Any CPU = Release|Any CPU
	EndGlobalSection
	GlobalSection(ProjectConfigurationPlatforms) = postSolution
		{C3F12693-29E1-4F55-9DC4-FEAC135F6B5D}.Debug|Any CPU.ActiveCfg = Debug|Any CPU
		{C3F12693-29E1-4F55-9DC4-FEAC135F6B5D}.Debug|Any CPU.Build.0 = Debug|Any CPU
		{C3F12693-29E1-4F55-9DC4-FEAC135F6B5D}.Release|Any CPU.ActiveCfg = Release|Any CPU
		{C3F12693-29E1-4F55-9DC4-FEAC135F6B5D}.Release|Any CPU.Build.0 = Release|Any CPU
	EndGlobalSection
	GlobalSection(SolutionProperties) = preSolution
		HideSolutionNode = FALSE
	EndGlobalSection
	GlobalSection(ExtensibilityGlobals) = postSolution
		SolutionGuid = {B1C88B36-0518-4C8F-9D05-3D2D06D188FB}
	EndGlobalSection
EndGlobal
